// !$*UTF8*$!
{
	archiveVersion = 1;
	classes = {
	};
	objectVersion = 46;
	objects = {

/* Begin PBXBuildFile section */
		F93CA3261F6E630F0079BAB9 /* AppDelegate.swift in Sources */ = {isa = PBXBuildFile; fileRef = F93CA3251F6E630F0079BAB9 /* AppDelegate.swift */; };
		F93CA3281F6E630F0079BAB9 /* ViewController.swift in Sources */ = {isa = PBXBuildFile; fileRef = F93CA3271F6E630F0079BAB9 /* ViewController.swift */; };
		F93CA32B1F6E630F0079BAB9 /* Main.storyboard in Resources */ = {isa = PBXBuildFile; fileRef = F93CA3291F6E630F0079BAB9 /* Main.storyboard */; };
		F93CA32D1F6E630F0079BAB9 /* Assets.xcassets in Resources */ = {isa = PBXBuildFile; fileRef = F93CA32C1F6E630F0079BAB9 /* Assets.xcassets */; };
		F93CA3301F6E630F0079BAB9 /* LaunchScreen.storyboard in Resources */ = {isa = PBXBuildFile; fileRef = F93CA32E1F6E630F0079BAB9 /* LaunchScreen.storyboard */; };
/* End PBXBuildFile section */

/* Begin PBXFileReference section */
		F93CA3221F6E630F0079BAB9 /* Tinta.app */ = {isa = PBXFileReference; explicitFileType = wrapper.application; includeInIndex = 0; path = Tinta.app; sourceTree = BUILT_PRODUCTS_DIR; };
		F93CA3251F6E630F0079BAB9 /* AppDelegate.swift */ = {isa = PBXFileReference; lastKnownFileType = sourcecode.swift; path = AppDelegate.swift; sourceTree = "<group>"; };
		F93CA3271F6E630F0079BAB9 /* ViewController.swift */ = {isa = PBXFileReference; lastKnownFileType = sourcecode.swift; path = ViewController.swift; sourceTree = "<group>"; };
		F93CA32A1F6E630F0079BAB9 /* Base */ = {isa = PBXFileReference; lastKnownFileType = file.storyboard; name = Base; path = Base.lproj/Main.storyboard; sourceTree = "<group>"; };
		F93CA32C1F6E630F0079BAB9 /* Assets.xcassets */ = {isa = PBXFileReference; lastKnownFileType = folder.assetcatalog; path = Assets.xcassets; sourceTree = "<group>"; };
		F93CA32F1F6E630F0079BAB9 /* Base */ = {isa = PBXFileReference; lastKnownFileType = file.storyboard; name = Base; path = Base.lproj/LaunchScreen.storyboard; sourceTree = "<group>"; };
		F93CA3311F6E630F0079BAB9 /* Info.plist */ = {isa = PBXFileReference; lastKnownFileType = text.plist.xml; path = Info.plist; sourceTree = "<group>"; };
/* End PBXFileReference section */

/* Begin PBXFrameworksBuildPhase section */
		F93CA31F1F6E630F0079BAB9 /* Frameworks */ = {
			isa = PBXFrameworksBuildPhase;
			buildActionMask = 2147483647;
			files = (
			);
			runOnlyForDeploymentPostprocessing = 0;
		};
/* End PBXFrameworksBuildPhase section */

/* Begin PBXGroup section */
		F93CA3191F6E630E0079BAB9 = {
			isa = PBXGroup;
			children = (
				F93CA3241F6E630F0079BAB9 /* Tinta */,
				F93CA3231F6E630F0079BAB9 /* Products */,
			);
			sourceTree = "<group>";
		};
		F93CA3231F6E630F0079BAB9 /* Products */ = {
			isa = PBXGroup;
			children = (
				F93CA3221F6E630F0079BAB9 /* Tinta.app */,
			);
			name = Products;
			sourceTree = "<group>";
		};
		F93CA3241F6E630F0079BAB9 /* Tinta */ = {
			isa = PBXGroup;
			children = (
				F93CA3251F6E630F0079BAB9 /* AppDelegate.swift */,
				F93CA3271F6E630F0079BAB9 /* ViewController.swift */,
				F93CA3291F6E630F0079BAB9 /* Main.storyboard */,
				F93CA32C1F6E630F0079BAB9 /* Assets.xcassets */,
				F93CA32E1F6E630F0079BAB9 /* LaunchScreen.storyboard */,
				F93CA3311F6E630F0079BAB9 /* Info.plist */,
			);
			path = Tinta;
			sourceTree = "<group>";
		};
/* End PBXGroup section */

/* Begin PBXNativeTarget section */
		F93CA3211F6E630F0079BAB9 /* Tinta */ = {
			isa = PBXNativeTarget;
			buildConfigurationList = F93CA3341F6E630F0079BAB9 /* Build configuration list for PBXNativeTarget "Tinta" */;
			buildPhases = (
				F93CA31E1F6E630F0079BAB9 /* Sources */,
				F93CA31F1F6E630F0079BAB9 /* Frameworks */,
				F93CA3201F6E630F0079BAB9 /* Resources */,
			);
			buildRules = (
			);
			dependencies = (
			);
			name = Tinta;
			productName = Tinta;
			productReference = F93CA3221F6E630F0079BAB9 /* Tinta.app */;
			productType = "com.apple.product-type.application";
		};
/* End PBXNativeTarget section */

/* Begin PBXProject section */
		F93CA31A1F6E630F0079BAB9 /* Project object */ = {
			isa = PBXProject;
			attributes = {
				LastSwiftUpdateCheck = 0830;
				LastUpgradeCheck = 0830;
				ORGANIZATIONNAME = razvan;
				TargetAttributes = {
					F93CA3211F6E630F0079BAB9 = {
						CreatedOnToolsVersion = 8.3.3;
						ProvisioningStyle = Automatic;
					};
				};
			};
			buildConfigurationList = F93CA31D1F6E630F0079BAB9 /* Build configuration list for PBXProject "Tinta" */;
			compatibilityVersion = "Xcode 3.2";
			developmentRegion = English;
			hasScannedForEncodings = 0;
			knownRegions = (
				en,
				Base,
			);
			mainGroup = F93CA3191F6E630E0079BAB9;
			productRefGroup = F93CA3231F6E630F0079BAB9 /* Products */;
			projectDirPath = "";
			projectRoot = "";
			targets = (
				F93CA3211F6E630F0079BAB9 /* Tinta */,
			);
		};
/* End PBXProject section */

/* Begin PBXResourcesBuildPhase section */
		F93CA3201F6E630F0079BAB9 /* Resources */ = {
			isa = PBXResourcesBuildPhase;
			buildActionMask = 2147483647;
			files = (
				F93CA3301F6E630F0079BAB9 /* LaunchScreen.storyboard in Resources */,
				F93CA32D1F6E630F0079BAB9 /* Assets.xcassets in Resources */,
				F93CA32B1F6E630F0079BAB9 /* Main.storyboard in Resources */,
			);
			runOnlyForDeploymentPostprocessing = 0;
		};
/* End PBXResourcesBuildPhase section */

/* Begin PBXSourcesBuildPhase section */
		F93CA31E1F6E630F0079BAB9 /* Sources */ = {
			isa = PBXSourcesBuildPhase;
			buildActionMask = 2147483647;
			files = (
				F93CA3281F6E630F0079BAB9 /* ViewController.swift in Sources */,
				F93CA3261F6E630F0079BAB9 /* AppDelegate.swift in Sources */,
			);
			runOnlyForDeploymentPostprocessing = 0;
		};
/* End PBXSourcesBuildPhase section */

/* Begin PBXVariantGroup section */
		F93CA3291F6E630F0079BAB9 /* Main.storyboard */ = {
			isa = PBXVariantGroup;
			children = (
				F93CA32A1F6E630F0079BAB9 /* Base */,
			);
			name = Main.storyboard;
			sourceTree = "<group>";
		};
		F93CA32E1F6E630F0079BAB9 /* LaunchScreen.storyboard */ = {
			isa = PBXVariantGroup;
			children = (
				F93CA32F1F6E630F0079BAB9 /* Base */,
			);
			name = LaunchScreen.storyboard;
			sourceTree = "<group>";
		};
/* End PBXVariantGroup section */

/* Begin XCBuildConfiguration section */
		F93CA3321F6E630F0079BAB9 /* Debug */ = {
			isa = XCBuildConfiguration;
			buildSettings = {
				ALWAYS_SEARCH_USER_PATHS = NO;
				CLANG_ANALYZER_NONNULL = YES;
				CLANG_ANALYZER_NUMBER_OBJECT_CONVERSION = YES_AGGRESSIVE;
				CLANG_CXX_LANGUAGE_STANDARD = "gnu++0x";
				CLANG_CXX_LIBRARY = "libc++";
				CLANG_ENABLE_MODULES = YES;
				CLANG_ENABLE_OBJC_ARC = YES;
				CLANG_WARN_BOOL_CONVERSION = YES;
				CLANG_WARN_CONSTANT_CONVERSION = YES;
				CLANG_WARN_DIRECT_OBJC_ISA_USAGE = YES_ERROR;
				CLANG_WARN_DOCUMENTATION_COMMENTS = YES;
				CLANG_WARN_EMPTY_BODY = YES;
				CLANG_WARN_ENUM_CONVERSION = YES;
				CLANG_WARN_INFINITE_RECURSION = YES;
				CLANG_WARN_INT_CONVERSION = YES;
				CLANG_WARN_OBJC_ROOT_CLASS = YES_ERROR;
				CLANG_WARN_SUSPICIOUS_MOVE = YES;
				CLANG_WARN_UNREACHABLE_CODE = YES;
				CLANG_WARN__DUPLICATE_METHOD_MATCH = YES;
				"CODE_SIGN_IDENTITY[sdk=iphoneos*]" = "iPhone Developer";
				COPY_PHASE_STRIP = NO;
				DEBUG_INFORMATION_FORMAT = dwarf;
				ENABLE_STRICT_OBJC_MSGSEND = YES;
				ENABLE_TESTABILITY = YES;
				GCC_C_LANGUAGE_STANDARD = gnu99;
				GCC_DYNAMIC_NO_PIC = NO;
				GCC_NO_COMMON_BLOCKS = YES;
				GCC_OPTIMIZATION_LEVEL = 0;
				GCC_PREPROCESSOR_DEFINITIONS = (
					"DEBUG=1",
					"$(inherited)",
				);
				GCC_WARN_64_TO_32_BIT_CONVERSION = YES;
				GCC_WARN_ABOUT_RETURN_TYPE = YES_ERROR;
				GCC_WARN_UNDECLARED_SELECTOR = YES;
				GCC_WARN_UNINITIALIZED_AUTOS = YES_AGGRESSIVE;
				GCC_WARN_UNUSED_FUNCTION = YES;
				GCC_WARN_UNUSED_VARIABLE = YES;
				IPHONEOS_DEPLOYMENT_TARGET = 10.3;
				MTL_ENABLE_DEBUG_INFO = YES;
				ONLY_ACTIVE_ARCH = YES;
				SDKROOT = iphoneos;
				SWIFT_ACTIVE_COMPILATION_CONDITIONS = DEBUG;
				SWIFT_OPTIMIZATION_LEVEL = "-Onone";
			};
			name = Debug;
		};
		F93CA3331F6E630F0079BAB9 /* Release */ = {
			isa = XCBuildConfiguration;
			buildSettings = {
				ALWAYS_SEARCH_USER_PATHS = NO;
				CLANG_ANALYZER_NONNULL = YES;
				CLANG_ANALYZER_NUMBER_OBJECT_CONVERSION = YES_AGGRESSIVE;
				CLANG_CXX_LANGUAGE_STANDARD = "gnu++0x";
				CLANG_CXX_LIBRARY = "libc++";
				CLANG_ENABLE_MODULES = YES;
				CLANG_ENABLE_OBJC_ARC = YES;
				CLANG_WARN_BOOL_CONVERSION = YES;
				CLANG_WARN_CONSTANT_CONVERSION = YES;
				CLANG_WARN_DIRECT_OBJC_ISA_USAGE = YES_ERROR;
				CLANG_WARN_DOCUMENTATION_COMMENTS = YES;
				CLANG_WARN_EMPTY_BODY = YES;
				CLANG_WARN_ENUM_CONVERSION = YES;
				CLANG_WARN_INFINITE_RECURSION = YES;
				CLANG_WARN_INT_CONVERSION = YES;
				CLANG_WARN_OBJC_ROOT_CLASS = YES_ERROR;
				CLANG_WARN_SUSPICIOUS_MOVE = YES;
				CLANG_WARN_UNREACHABLE_CODE = YES;
				CLANG_WARN__DUPLICATE_METHOD_MATCH = YES;
				"CODE_SIGN_IDENTITY[sdk=iphoneos*]" = "iPhone Developer";
				COPY_PHASE_STRIP = NO;
				DEBUG_INFORMATION_FORMAT = "dwarf-with-dsym";
				ENABLE_NS_ASSERTIONS = NO;
				ENABLE_STRICT_OBJC_MSGSEND = YES;
				GCC_C_LANGUAGE_STANDARD = gnu99;
				GCC_NO_COMMON_BLOCKS = YES;
				GCC_WARN_64_TO_32_BIT_CONVERSION = YES;
				GCC_WARN_ABOUT_RETURN_TYPE = YES_ERROR;
				GCC_WARN_UNDECLARED_SELECTOR = YES;
				GCC_WARN_UNINITIALIZED_AUTOS = YES_AGGRESSIVE;
				GCC_WARN_UNUSED_FUNCTION = YES;
				GCC_WARN_UNUSED_VARIABLE = YES;
				IPHONEOS_DEPLOYMENT_TARGET = 10.3;
				MTL_ENABLE_DEBUG_INFO = NO;
				SDKROOT = iphoneos;
				SWIFT_OPTIMIZATION_LEVEL = "-Owholemodule";
				VALIDATE_PRODUCT = YES;
			};
			name = Release;
		};
		F93CA3351F6E630F0079BAB9 /* Debug */ = {
			isa = XCBuildConfiguration;
			buildSettings = {
				ASSETCATALOG_COMPILER_APPICON_NAME = AppIcon;
				INFOPLIST_FILE = Tinta/Info.plist;
				LD_RUNPATH_SEARCH_PATHS = "$(inherited) @executable_path/Frameworks";
				PRODUCT_BUNDLE_IDENTIFIER = com.razz.Tinta;
				PRODUCT_NAME = "$(TARGET_NAME)";
				SWIFT_VERSION = 3.0;
			};
			name = Debug;
		};
		F93CA3361F6E630F0079BAB9 /* Release */ = {
			isa = XCBuildConfiguration;
			buildSettings = {
				ASSETCATALOG_COMPILER_APPICON_NAME = AppIcon;
				INFOPLIST_FILE = Tinta/Info.plist;
				LD_RUNPATH_SEARCH_PATHS = "$(inherited) @executable_path/Frameworks";
				PRODUCT_BUNDLE_IDENTIFIER = com.razz.Tinta;
				PRODUCT_NAME = "$(TARGET_NAME)";
				SWIFT_VERSION = 3.0;
			};
			name = Release;
		};
/* End XCBuildConfiguration section */

/* Begin XCConfigurationList section */
		F93CA31D1F6E630F0079BAB9 /* Build configuration list for PBXProject "Tinta" */ = {
			isa = XCConfigurationList;
			buildConfigurations = (
				F93CA3321F6E630F0079BAB9 /* Debug */,
				F93CA3331F6E630F0079BAB9 /* Release */,
			);
			defaultConfigurationIsVisible = 0;
			defaultConfigurationName = Release;
		};
		F93CA3341F6E630F0079BAB9 /* Build configuration list for PBXNativeTarget "Tinta" */ = {
			isa = XCConfigurationList;
			buildConfigurations = (
				F93CA3351F6E630F0079BAB9 /* Debug */,
				F93CA3361F6E630F0079BAB9 /* Release */,
			);
			defaultConfigurationIsVisible = 0;
		};
/* End XCConfigurationList section */
	};
	rootObject = F93CA31A1F6E630F0079BAB9 /* Project object */;
}
